// !$*UTF8*$!
{
	archiveVersion = 1;
	classes = {
	};
	objectVersion = 56;
	objects = {

/* Begin PBXBuildFile section */
		D2AAAFCA2A20FD5B00F6A7A3 /* brasil_viagensApp.swift in Sources */ = {isa = PBXBuildFile; fileRef = D2AAAFC92A20FD5B00F6A7A3 /* brasil_viagensApp.swift */; };
		D2AAAFCC2A20FD5B00F6A7A3 /* ContentView.swift in Sources */ = {isa = PBXBuildFile; fileRef = D2AAAFCB2A20FD5B00F6A7A3 /* ContentView.swift */; };
		D2AAAFCE2A20FD5C00F6A7A3 /* Assets.xcassets in Resources */ = {isa = PBXBuildFile; fileRef = D2AAAFCD2A20FD5C00F6A7A3 /* Assets.xcassets */; };
		D2AAAFD12A20FD5C00F6A7A3 /* Preview Assets.xcassets in Resources */ = {isa = PBXBuildFile; fileRef = D2AAAFD02A20FD5C00F6A7A3 /* Preview Assets.xcassets */; };
		D2AAAFDA2A211E3500F6A7A3 /* viagens.json in Resources */ = {isa = PBXBuildFile; fileRef = D2AAAFD92A211E3500F6A7A3 /* viagens.json */; };
		D2AAAFE22A2121D600F6A7A3 /* Dados.swift in Sources */ = {isa = PBXBuildFile; fileRef = D2AAAFE02A2121D600F6A7A3 /* Dados.swift */; };
		D2AAAFE32A2121D600F6A7A3 /* Viagem.swift in Sources */ = {isa = PBXBuildFile; fileRef = D2AAAFE12A2121D600F6A7A3 /* Viagem.swift */; };
		D2AAAFE82A214C6C00F6A7A3 /* HeaderView.swift in Sources */ = {isa = PBXBuildFile; fileRef = D2AAAFE72A214C6C00F6A7A3 /* HeaderView.swift */; };
		D2D46BA82A21510700B407CF /* CelulaViagemView.swift in Sources */ = {isa = PBXBuildFile; fileRef = D2D46BA72A21510700B407CF /* CelulaViagemView.swift */; };
		D2D46BAA2A25010800B407CF /* MapaView.swift in Sources */ = {isa = PBXBuildFile; fileRef = D2D46BA92A25010800B407CF /* MapaView.swift */; };
/* End PBXBuildFile section */

/* Begin PBXFileReference section */
		D2AAAFC62A20FD5B00F6A7A3 /* Brasil-viagens.app */ = {isa = PBXFileReference; explicitFileType = wrapper.application; includeInIndex = 0; path = "Brasil-viagens.app"; sourceTree = BUILT_PRODUCTS_DIR; };
		D2AAAFC92A20FD5B00F6A7A3 /* brasil_viagensApp.swift */ = {isa = PBXFileReference; lastKnownFileType = sourcecode.swift; path = brasil_viagensApp.swift; sourceTree = "<group>"; };
		D2AAAFCB2A20FD5B00F6A7A3 /* ContentView.swift */ = {isa = PBXFileReference; lastKnownFileType = sourcecode.swift; path = ContentView.swift; sourceTree = "<group>"; };
		D2AAAFCD2A20FD5C00F6A7A3 /* Assets.xcassets */ = {isa = PBXFileReference; lastKnownFileType = folder.assetcatalog; path = Assets.xcassets; sourceTree = "<group>"; };
		D2AAAFD02A20FD5C00F6A7A3 /* Preview Assets.xcassets */ = {isa = PBXFileReference; lastKnownFileType = folder.assetcatalog; path = "Preview Assets.xcassets"; sourceTree = "<group>"; };
		D2AAAFD92A211E3500F6A7A3 /* viagens.json */ = {isa = PBXFileReference; fileEncoding = 4; lastKnownFileType = text.json; path = viagens.json; sourceTree = "<group>"; };
		D2AAAFE02A2121D600F6A7A3 /* Dados.swift */ = {isa = PBXFileReference; fileEncoding = 4; lastKnownFileType = sourcecode.swift; path = Dados.swift; sourceTree = "<group>"; };
		D2AAAFE12A2121D600F6A7A3 /* Viagem.swift */ = {isa = PBXFileReference; fileEncoding = 4; lastKnownFileType = sourcecode.swift; path = Viagem.swift; sourceTree = "<group>"; };
		D2AAAFE72A214C6C00F6A7A3 /* HeaderView.swift */ = {isa = PBXFileReference; lastKnownFileType = sourcecode.swift; path = HeaderView.swift; sourceTree = "<group>"; };
		D2D46BA72A21510700B407CF /* CelulaViagemView.swift */ = {isa = PBXFileReference; lastKnownFileType = sourcecode.swift; path = CelulaViagemView.swift; sourceTree = "<group>"; };
		D2D46BA92A25010800B407CF /* MapaView.swift */ = {isa = PBXFileReference; lastKnownFileType = sourcecode.swift; path = MapaView.swift; sourceTree = "<group>"; };
/* End PBXFileReference section */

/* Begin PBXFrameworksBuildPhase section */
		D2AAAFC32A20FD5B00F6A7A3 /* Frameworks */ = {
			isa = PBXFrameworksBuildPhase;
			buildActionMask = 2147483647;
			files = (
			);
			runOnlyForDeploymentPostprocessing = 0;
		};
/* End PBXFrameworksBuildPhase section */

/* Begin PBXGroup section */
		D2AAAFBD2A20FD5B00F6A7A3 = {
			isa = PBXGroup;
			children = (
				D2AAAFC82A20FD5B00F6A7A3 /* Brasil-viagens */,
				D2AAAFC72A20FD5B00F6A7A3 /* Products */,
			);
			sourceTree = "<group>";
		};
		D2AAAFC72A20FD5B00F6A7A3 /* Products */ = {
			isa = PBXGroup;
			children = (
				D2AAAFC62A20FD5B00F6A7A3 /* Brasil-viagens.app */,
			);
			name = Products;
			sourceTree = "<group>";
		};
		D2AAAFC82A20FD5B00F6A7A3 /* Brasil-viagens */ = {
			isa = PBXGroup;
			children = (
				D2AAAFE42A214AD500F6A7A3 /* Views */,
				D2AAAFDF2A2121D600F6A7A3 /* Models */,
				D2AAAFD92A211E3500F6A7A3 /* viagens.json */,
				D2AAAFC92A20FD5B00F6A7A3 /* brasil_viagensApp.swift */,
				D2AAAFCD2A20FD5C00F6A7A3 /* Assets.xcassets */,
				D2AAAFCF2A20FD5C00F6A7A3 /* Preview Content */,
			);
			path = "Brasil-viagens";
			sourceTree = "<group>";
		};
		D2AAAFCF2A20FD5C00F6A7A3 /* Preview Content */ = {
			isa = PBXGroup;
			children = (
				D2AAAFD02A20FD5C00F6A7A3 /* Preview Assets.xcassets */,
			);
			path = "Preview Content";
			sourceTree = "<group>";
		};
		D2AAAFDF2A2121D600F6A7A3 /* Models */ = {
			isa = PBXGroup;
			children = (
				D2AAAFE02A2121D600F6A7A3 /* Dados.swift */,
				D2AAAFE12A2121D600F6A7A3 /* Viagem.swift */,
			);
			path = Models;
			sourceTree = "<group>";
		};
		D2AAAFE42A214AD500F6A7A3 /* Views */ = {
			isa = PBXGroup;
			children = (
				D2AAAFCB2A20FD5B00F6A7A3 /* ContentView.swift */,
				D2AAAFE72A214C6C00F6A7A3 /* HeaderView.swift */,
				D2D46BA72A21510700B407CF /* CelulaViagemView.swift */,
				D2D46BA92A25010800B407CF /* MapaView.swift */,
			);
			path = Views;
			sourceTree = "<group>";
		};
/* End PBXGroup section */

/* Begin PBXNativeTarget section */
		D2AAAFC52A20FD5B00F6A7A3 /* Brasil-viagens */ = {
			isa = PBXNativeTarget;
			buildConfigurationList = D2AAAFD42A20FD5C00F6A7A3 /* Build configuration list for PBXNativeTarget "Brasil-viagens" */;
			buildPhases = (
				D2AAAFC22A20FD5B00F6A7A3 /* Sources */,
				D2AAAFC32A20FD5B00F6A7A3 /* Frameworks */,
				D2AAAFC42A20FD5B00F6A7A3 /* Resources */,
			);
			buildRules = (
			);
			dependencies = (
			);
			name = "Brasil-viagens";
			productName = "alura-viagens";
			productReference = D2AAAFC62A20FD5B00F6A7A3 /* Brasil-viagens.app */;
			productType = "com.apple.product-type.application";
		};
/* End PBXNativeTarget section */

/* Begin PBXProject section */
		D2AAAFBE2A20FD5B00F6A7A3 /* Project object */ = {
			isa = PBXProject;
			attributes = {
				BuildIndependentTargetsInParallel = 1;
				LastSwiftUpdateCheck = 1430;
				LastUpgradeCheck = 1430;
				TargetAttributes = {
					D2AAAFC52A20FD5B00F6A7A3 = {
						CreatedOnToolsVersion = 14.3;
					};
				};
			};
			buildConfigurationList = D2AAAFC12A20FD5B00F6A7A3 /* Build configuration list for PBXProject "Brasil-viagens" */;
			compatibilityVersion = "Xcode 14.0";
			developmentRegion = en;
			hasScannedForEncodings = 0;
			knownRegions = (
				en,
				Base,
			);
			mainGroup = D2AAAFBD2A20FD5B00F6A7A3;
			productRefGroup = D2AAAFC72A20FD5B00F6A7A3 /* Products */;
			projectDirPath = "";
			projectRoot = "";
			targets = (
				D2AAAFC52A20FD5B00F6A7A3 /* Brasil-viagens */,
			);
		};
/* End PBXProject section */

/* Begin PBXResourcesBuildPhase section */
		D2AAAFC42A20FD5B00F6A7A3 /* Resources */ = {
			isa = PBXResourcesBuildPhase;
			buildActionMask = 2147483647;
			files = (
				D2AAAFDA2A211E3500F6A7A3 /* viagens.json in Resources */,
				D2AAAFD12A20FD5C00F6A7A3 /* Preview Assets.xcassets in Resources */,
				D2AAAFCE2A20FD5C00F6A7A3 /* Assets.xcassets in Resources */,
			);
			runOnlyForDeploymentPostprocessing = 0;
		};
/* End PBXResourcesBuildPhase section */

/* Begin PBXSourcesBuildPhase section */
		D2AAAFC22A20FD5B00F6A7A3 /* Sources */ = {
			isa = PBXSourcesBuildPhase;
			buildActionMask = 2147483647;
			files = (
				D2AAAFE82A214C6C00F6A7A3 /* HeaderView.swift in Sources */,
				D2D46BAA2A25010800B407CF /* MapaView.swift in Sources */,
				D2AAAFE32A2121D600F6A7A3 /* Viagem.swift in Sources */,
				D2AAAFCC2A20FD5B00F6A7A3 /* ContentView.swift in Sources */,
				D2AAAFE22A2121D600F6A7A3 /* Dados.swift in Sources */,
				D2AAAFCA2A20FD5B00F6A7A3 /* brasil_viagensApp.swift in Sources */,
				D2D46BA82A21510700B407CF /* CelulaViagemView.swift in Sources */,
			);
			runOnlyForDeploymentPostprocessing = 0;
		};
/* End PBXSourcesBuildPhase section */

/* Begin XCBuildConfiguration section */
		D2AAAFD22A20FD5C00F6A7A3 /* Debug */ = {
			isa = XCBuildConfiguration;
			buildSettings = {
				ALWAYS_SEARCH_USER_PATHS = NO;
				CLANG_ANALYZER_NONNULL = YES;
				CLANG_ANALYZER_NUMBER_OBJECT_CONVERSION = YES_AGGRESSIVE;
				CLANG_CXX_LANGUAGE_STANDARD = "gnu++20";
				CLANG_ENABLE_MODULES = YES;
				CLANG_ENABLE_OBJC_ARC = YES;
				CLANG_ENABLE_OBJC_WEAK = YES;
				CLANG_WARN_BLOCK_CAPTURE_AUTORELEASING = YES;
				CLANG_WARN_BOOL_CONVERSION = YES;
				CLANG_WARN_COMMA = YES;
				CLANG_WARN_CONSTANT_CONVERSION = YES;
				CLANG_WARN_DEPRECATED_OBJC_IMPLEMENTATIONS = YES;
				CLANG_WARN_DIRECT_OBJC_ISA_USAGE = YES_ERROR;
				CLANG_WARN_DOCUMENTATION_COMMENTS = YES;
				CLANG_WARN_EMPTY_BODY = YES;
				CLANG_WARN_ENUM_CONVERSION = YES;
				CLANG_WARN_INFINITE_RECURSION = YES;
				CLANG_WARN_INT_CONVERSION = YES;
				CLANG_WARN_NON_LITERAL_NULL_CONVERSION = YES;
				CLANG_WARN_OBJC_IMPLICIT_RETAIN_SELF = YES;
				CLANG_WARN_OBJC_LITERAL_CONVERSION = YES;
				CLANG_WARN_OBJC_ROOT_CLASS = YES_ERROR;
				CLANG_WARN_QUOTED_INCLUDE_IN_FRAMEWORK_HEADER = YES;
				CLANG_WARN_RANGE_LOOP_ANALYSIS = YES;
				CLANG_WARN_STRICT_PROTOTYPES = YES;
				CLANG_WARN_SUSPICIOUS_MOVE = YES;
				CLANG_WARN_UNGUARDED_AVAILABILITY = YES_AGGRESSIVE;
				CLANG_WARN_UNREACHABLE_CODE = YES;
				CLANG_WARN__DUPLICATE_METHOD_MATCH = YES;
				COPY_PHASE_STRIP = NO;
				DEBUG_INFORMATION_FORMAT = dwarf;
				ENABLE_STRICT_OBJC_MSGSEND = YES;
				ENABLE_TESTABILITY = YES;
				GCC_C_LANGUAGE_STANDARD = gnu11;
				GCC_DYNAMIC_NO_PIC = NO;
				GCC_NO_COMMON_BLOCKS = YES;
				GCC_OPTIMIZATION_LEVEL = 0;
				GCC_PREPROCESSOR_DEFINITIONS = (
					"DEBUG=1",
					"$(inherited)",
				);
				GCC_WARN_64_TO_32_BIT_CONVERSION = YES;
				GCC_WARN_ABOUT_RETURN_TYPE = YES_ERROR;
				GCC_WARN_UNDECLARED_SELECTOR = YES;
				GCC_WARN_UNINITIALIZED_AUTOS = YES_AGGRESSIVE;
				GCC_WARN_UNUSED_FUNCTION = YES;
				GCC_WARN_UNUSED_VARIABLE = YES;
				IPHONEOS_DEPLOYMENT_TARGET = 16.4;
				MTL_ENABLE_DEBUG_INFO = INCLUDE_SOURCE;
				MTL_FAST_MATH = YES;
				ONLY_ACTIVE_ARCH = YES;
				SDKROOT = iphoneos;
				SWIFT_ACTIVE_COMPILATION_CONDITIONS = DEBUG;
				SWIFT_OPTIMIZATION_LEVEL = "-Onone";
			};
			name = Debug;
		};
		D2AAAFD32A20FD5C00F6A7A3 /* Release */ = {
			isa = XCBuildConfiguration;
			buildSettings = {
				ALWAYS_SEARCH_USER_PATHS = NO;
				CLANG_ANALYZER_NONNULL = YES;
				CLANG_ANALYZER_NUMBER_OBJECT_CONVERSION = YES_AGGRESSIVE;
				CLANG_CXX_LANGUAGE_STANDARD = "gnu++20";
				CLANG_ENABLE_MODULES = YES;
				CLANG_ENABLE_OBJC_ARC = YES;
				CLANG_ENABLE_OBJC_WEAK = YES;
				CLANG_WARN_BLOCK_CAPTURE_AUTORELEASING = YES;
				CLANG_WARN_BOOL_CONVERSION = YES;
				CLANG_WARN_COMMA = YES;
				CLANG_WARN_CONSTANT_CONVERSION = YES;
				CLANG_WARN_DEPRECATED_OBJC_IMPLEMENTATIONS = YES;
				CLANG_WARN_DIRECT_OBJC_ISA_USAGE = YES_ERROR;
				CLANG_WARN_DOCUMENTATION_COMMENTS = YES;
				CLANG_WARN_EMPTY_BODY = YES;
				CLANG_WARN_ENUM_CONVERSION = YES;
				CLANG_WARN_INFINITE_RECURSION = YES;
				CLANG_WARN_INT_CONVERSION = YES;
				CLANG_WARN_NON_LITERAL_NULL_CONVERSION = YES;
				CLANG_WARN_OBJC_IMPLICIT_RETAIN_SELF = YES;
				CLANG_WARN_OBJC_LITERAL_CONVERSION = YES;
				CLANG_WARN_OBJC_ROOT_CLASS = YES_ERROR;
				CLANG_WARN_QUOTED_INCLUDE_IN_FRAMEWORK_HEADER = YES;
				CLANG_WARN_RANGE_LOOP_ANALYSIS = YES;
				CLANG_WARN_STRICT_PROTOTYPES = YES;
				CLANG_WARN_SUSPICIOUS_MOVE = YES;
				CLANG_WARN_UNGUARDED_AVAILABILITY = YES_AGGRESSIVE;
				CLANG_WARN_UNREACHABLE_CODE = YES;
				CLANG_WARN__DUPLICATE_METHOD_MATCH = YES;
				COPY_PHASE_STRIP = NO;
				DEBUG_INFORMATION_FORMAT = "dwarf-with-dsym";
				ENABLE_NS_ASSERTIONS = NO;
				ENABLE_STRICT_OBJC_MSGSEND = YES;
				GCC_C_LANGUAGE_STANDARD = gnu11;
				GCC_NO_COMMON_BLOCKS = YES;
				GCC_WARN_64_TO_32_BIT_CONVERSION = YES;
				GCC_WARN_ABOUT_RETURN_TYPE = YES_ERROR;
				GCC_WARN_UNDECLARED_SELECTOR = YES;
				GCC_WARN_UNINITIALIZED_AUTOS = YES_AGGRESSIVE;
				GCC_WARN_UNUSED_FUNCTION = YES;
				GCC_WARN_UNUSED_VARIABLE = YES;
				IPHONEOS_DEPLOYMENT_TARGET = 16.4;
				MTL_ENABLE_DEBUG_INFO = NO;
				MTL_FAST_MATH = YES;
				SDKROOT = iphoneos;
				SWIFT_COMPILATION_MODE = wholemodule;
				SWIFT_OPTIMIZATION_LEVEL = "-O";
				VALIDATE_PRODUCT = YES;
			};
			name = Release;
		};
		D2AAAFD52A20FD5C00F6A7A3 /* Debug */ = {
			isa = XCBuildConfiguration;
			buildSettings = {
				ASSETCATALOG_COMPILER_APPICON_NAME = AppIcon;
				ASSETCATALOG_COMPILER_GLOBAL_ACCENT_COLOR_NAME = AccentColor;
				CODE_SIGN_STYLE = Automatic;
				CURRENT_PROJECT_VERSION = 1;
				DEVELOPMENT_ASSET_PATHS = "\"Brasil-viagens/Preview Content\"";
				DEVELOPMENT_TEAM = 263SAWVFCC;
				ENABLE_PREVIEWS = YES;
				GENERATE_INFOPLIST_FILE = YES;
				INFOPLIST_KEY_UIApplicationSceneManifest_Generation = YES;
				INFOPLIST_KEY_UIApplicationSupportsIndirectInputEvents = YES;
				INFOPLIST_KEY_UILaunchScreen_Generation = YES;
				INFOPLIST_KEY_UISupportedInterfaceOrientations_iPad = "UIInterfaceOrientationPortrait UIInterfaceOrientationPortraitUpsideDown UIInterfaceOrientationLandscapeLeft UIInterfaceOrientationLandscapeRight";
				INFOPLIST_KEY_UISupportedInterfaceOrientations_iPhone = "UIInterfaceOrientationPortrait UIInterfaceOrientationLandscapeLeft UIInterfaceOrientationLandscapeRight";
				LD_RUNPATH_SEARCH_PATHS = (
					"$(inherited)",
					"@executable_path/Frameworks",
				);
				MARKETING_VERSION = 1.0;
				PRODUCT_BUNDLE_IDENTIFIER = "com.smp.alura-viagens";
				PRODUCT_NAME = "$(TARGET_NAME)";
				SWIFT_EMIT_LOC_STRINGS = YES;
				SWIFT_VERSION = 5.0;
				TARGETED_DEVICE_FAMILY = "1,2";
			};
			name = Debug;
		};
		D2AAAFD62A20FD5C00F6A7A3 /* Release */ = {
			isa = XCBuildConfiguration;
			buildSettings = {
				ASSETCATALOG_COMPILER_APPICON_NAME = AppIcon;
				ASSETCATALOG_COMPILER_GLOBAL_ACCENT_COLOR_NAME = AccentColor;
				CODE_SIGN_STYLE = Automatic;
				CURRENT_PROJECT_VERSION = 1;
				DEVELOPMENT_ASSET_PATHS = "\"Brasil-viagens/Preview Content\"";
				DEVELOPMENT_TEAM = 263SAWVFCC;
				ENABLE_PREVIEWS = YES;
				GENERATE_INFOPLIST_FILE = YES;
				INFOPLIST_KEY_UIApplicationSceneManifest_Generation = YES;
				INFOPLIST_KEY_UIApplicationSupportsIndirectInputEvents = YES;
				INFOPLIST_KEY_UILaunchScreen_Generation = YES;
				INFOPLIST_KEY_UISupportedInterfaceOrientations_iPad = "UIInterfaceOrientationPortrait UIInterfaceOrientationPortraitUpsideDown UIInterfaceOrientationLandscapeLeft UIInterfaceOrientationLandscapeRight";
				INFOPLIST_KEY_UISupportedInterfaceOrientations_iPhone = "UIInterfaceOrientationPortrait UIInterfaceOrientationLandscapeLeft UIInterfaceOrientationLandscapeRight";
				LD_RUNPATH_SEARCH_PATHS = (
					"$(inherited)",
					"@executable_path/Frameworks",
				);
				MARKETING_VERSION = 1.0;
				PRODUCT_BUNDLE_IDENTIFIER = "com.smp.alura-viagens";
				PRODUCT_NAME = "$(TARGET_NAME)";
				SWIFT_EMIT_LOC_STRINGS = YES;
				SWIFT_VERSION = 5.0;
				TARGETED_DEVICE_FAMILY = "1,2";
			};
			name = Release;
		};
/* End XCBuildConfiguration section */

/* Begin XCConfigurationList section */
		D2AAAFC12A20FD5B00F6A7A3 /* Build configuration list for PBXProject "Brasil-viagens" */ = {
			isa = XCConfigurationList;
			buildConfigurations = (
				D2AAAFD22A20FD5C00F6A7A3 /* Debug */,
				D2AAAFD32A20FD5C00F6A7A3 /* Release */,
			);
			defaultConfigurationIsVisible = 0;
			defaultConfigurationName = Release;
		};
		D2AAAFD42A20FD5C00F6A7A3 /* Build configuration list for PBXNativeTarget "Brasil-viagens" */ = {
			isa = XCConfigurationList;
			buildConfigurations = (
				D2AAAFD52A20FD5C00F6A7A3 /* Debug */,
				D2AAAFD62A20FD5C00F6A7A3 /* Release */,
			);
			defaultConfigurationIsVisible = 0;
			defaultConfigurationName = Release;
		};
/* End XCConfigurationList section */
	};
	rootObject = D2AAAFBE2A20FD5B00F6A7A3 /* Project object */;
}
